
Microsoft Visual Studio Solution File, Format Version 12.00
# Visual Studio Version 16
VisualStudioVersion = 16.0.30413.136
MinimumVisualStudioVersion = 10.0.40219.1
Project("{FAE04EC0-301F-11D3-BF4B-00C04F79EFBC}") = "CreditCardInterestTest", "CreditCardInterestTest\CreditCardInterestTest.csproj", "{5A1700CB-EBDC-48AE-B5CE-1AC4F3F54C1B}"
EndProject
Project("{FAE04EC0-301F-11D3-BF4B-00C04F79EFBC}") = "CreditCardTests", "CreditCardTests\CreditCardTests.csproj", "{5D64D75B-DDD2-4F38-A2CA-05964C8B65CF}"
EndProject
Global
	GlobalSection(SolutionConfigurationPlatforms) = preSolution
		Debug|Any CPU = Debug|Any CPU
		Release|Any CPU = Release|Any CPU
	EndGlobalSection
	GlobalSection(ProjectConfigurationPlatforms) = postSolution
		{5A1700CB-EBDC-48AE-B5CE-1AC4F3F54C1B}.Debug|Any CPU.ActiveCfg = Debug|Any CPU
		{5A1700CB-EBDC-48AE-B5CE-1AC4F3F54C1B}.Debug|Any CPU.Build.0 = Debug|Any CPU
		{5A1700CB-EBDC-48AE-B5CE-1AC4F3F54C1B}.Release|Any CPU.ActiveCfg = Release|Any CPU
		{5A1700CB-EBDC-48AE-B5CE-1AC4F3F54C1B}.Release|Any CPU.Build.0 = Release|Any CPU
		{5D64D75B-DDD2-4F38-A2CA-05964C8B65CF}.Debug|Any CPU.ActiveCfg = Debug|Any CPU
		{5D64D75B-DDD2-4F38-A2CA-05964C8B65CF}.Debug|Any CPU.Build.0 = Debug|Any CPU
		{5D64D75B-DDD2-4F38-A2CA-05964C8B65CF}.Release|Any CPU.ActiveCfg = Release|Any CPU
		{5D64D75B-DDD2-4F38-A2CA-05964C8B65CF}.Release|Any CPU.Build.0 = Release|Any CPU
	EndGlobalSection
	GlobalSection(SolutionProperties) = preSolution
		HideSolutionNode = FALSE
	EndGlobalSection
	GlobalSection(ExtensibilityGlobals) = postSolution
		SolutionGuid = {B5D247C9-8BE4-4664-BC91-8CA6B4685734}
	EndGlobalSection
EndGlobal
